
Microsoft Visual Studio Solution File, Format Version 12.00
# Visual Studio 15
VisualStudioVersion = 15.0.27130.2027
MinimumVisualStudioVersion = 10.0.40219.1
Project("{FAE04EC0-301F-11D3-BF4B-00C04F79EFBC}") = "fts_winsnap", "fts_winsnap\fts_winsnap.csproj", "{922E2C72-D829-4239-944A-E85AEE1E2A2A}"
EndProject
Global
	GlobalSection(SolutionConfigurationPlatforms) = preSolution
		Debug|Any CPU = Debug|Any CPU
		Release|Any CPU = Release|Any CPU
	EndGlobalSection
	GlobalSection(ProjectConfigurationPlatforms) = postSolution
		{922E2C72-D829-4239-944A-E85AEE1E2A2A}.Debug|Any CPU.ActiveCfg = Debug|Any CPU
		{922E2C72-D829-4239-944A-E85AEE1E2A2A}.Debug|Any CPU.Build.0 = Debug|Any CPU
		{922E2C72-D829-4239-944A-E85AEE1E2A2A}.Release|Any CPU.ActiveCfg = Release|Any CPU
		{922E2C72-D829-4239-944A-E85AEE1E2A2A}.Release|Any CPU.Build.0 = Release|Any CPU
	EndGlobalSection
	GlobalSection(SolutionProperties) = preSolution
		HideSolutionNode = FALSE
	EndGlobalSection
	GlobalSection(ExtensibilityGlobals) = postSolution
		SolutionGuid = {F91CF0A6-E073-4CDF-9C9E-12ECD7F764BF}
	EndGlobalSection
EndGlobal
